
Microsoft Visual Studio Solution File, Format Version 12.00
# Visual Studio Version 16
VisualStudioVersion = 16.0.29905.134
MinimumVisualStudioVersion = 10.0.40219.1
Project("{FAE04EC0-301F-11D3-BF4B-00C04F79EFBC}") = "Database_Sample", "WebApplication1\Database_Sample.csproj", "{01D2E922-BA27-4673-B088-2DC0B25BD1DE}"
EndProject
Project("{FAE04EC0-301F-11D3-BF4B-00C04F79EFBC}") = "Practice_Samples", "Practice_Samples\Practice_Samples.csproj", "{AA41CF23-B25C-49A1-80A1-F396A7FBA686}"
EndProject
Project("{FAE04EC0-301F-11D3-BF4B-00C04F79EFBC}") = "InheritanceTypesSample", "InheritanceTypesSample\InheritanceTypesSample.csproj", "{300C3EA6-0E53-4C29-A3B0-C0B38A18B387}"
EndProject
Project("{FAE04EC0-301F-11D3-BF4B-00C04F79EFBC}") = "InterfaceSample", "InterfaceSample\InterfaceSample.csproj", "{47DF4DC9-88E4-4194-8008-946E0820362B}"
EndProject
Project("{FAE04EC0-301F-11D3-BF4B-00C04F79EFBC}") = "InheritanceConstSample", "InheritanceConstSample\InheritanceConstSample.csproj", "{EE2A4473-8D71-4A8A-AA70-E5F96005F364}"
EndProject
Project("{FAE04EC0-301F-11D3-BF4B-00C04F79EFBC}") = "AMProtectedType", "AMProtectedType\AMProtectedType.csproj", "{753061AC-AC99-49B2-92BC-B21856A5ED9B}"
EndProject
Project("{FAE04EC0-301F-11D3-BF4B-00C04F79EFBC}") = "AMInternalType", "AMInternalType\AMInternalType.csproj", "{7ED6B9F5-12EC-4ABD-AEB0-F73F03FA67AB}"
EndProject
Project("{FAE04EC0-301F-11D3-BF4B-00C04F79EFBC}") = "AMProtectedInternalType", "AMProtectedInternalType\AMProtectedInternalType.csproj", "{B7977E20-2900-4E0F-9AD8-44D6A11DF278}"
EndProject
Project("{FAE04EC0-301F-11D3-BF4B-00C04F79EFBC}") = "CTPolymorphism", "CTPolymorphism\CTPolymorphism.csproj", "{B05D0C61-6BF3-4970-BAFE-14CD96183A1B}"
EndProject
Project("{FAE04EC0-301F-11D3-BF4B-00C04F79EFBC}") = "RTPolymorphism", "RTPolymorphism\RTPolymorphism.csproj", "{CC5DF54C-9321-4C96-B9B0-0073EDC7B795}"
EndProject
Project("{FAE04EC0-301F-11D3-BF4B-00C04F79EFBC}") = "AbstractSample", "AbstractSample\AbstractSample.csproj", "{A5EDF37D-F860-4199-96EC-E9C8DBB93B22}"
EndProject
Project("{FAE04EC0-301F-11D3-BF4B-00C04F79EFBC}") = "SingleCastDelegate", "SingleCastDelegate\SingleCastDelegate.csproj", "{E6F28583-A84D-4151-8607-49C5DF13A092}"
EndProject
Project("{FAE04EC0-301F-11D3-BF4B-00C04F79EFBC}") = "MultiCastDelegate", "MultiCastDelegate\MultiCastDelegate.csproj", "{5830223E-9613-4F67-B0F1-3F8811FF7E6A}"
EndProject
Project("{FAE04EC0-301F-11D3-BF4B-00C04F79EFBC}") = "EventDelegate", "EventDelegate\EventDelegate.csproj", "{FB8C61E0-B220-4DB8-BA9E-8D98CD9298A4}"
EndProject
Project("{FAE04EC0-301F-11D3-BF4B-00C04F79EFBC}") = "RWProperty", "RWProperty\RWProperty.csproj", "{FF700954-2A4A-47F1-B62B-C464032CA764}"
EndProject
Project("{FAE04EC0-301F-11D3-BF4B-00C04F79EFBC}") = "RProperty", "RProperty\RProperty.csproj", "{F7CF07AA-A4B8-4F83-A633-DD163CE04518}"
EndProject
Project("{FAE04EC0-301F-11D3-BF4B-00C04F79EFBC}") = "WProperty", "WProperty\WProperty.csproj", "{D5CE393B-07F8-4DE4-9A6D-99D7B499A964}"
EndProject
Project("{FAE04EC0-301F-11D3-BF4B-00C04F79EFBC}") = "SProperty", "SProperty\SProperty.csproj", "{2487F329-7195-4FEB-B931-30A08DA09DD7}"
EndProject
Project("{FAE04EC0-301F-11D3-BF4B-00C04F79EFBC}") = "AProperty", "AProperty\AProperty.csproj", "{5D73C25B-FD35-486D-B608-3BB2CC12BA54}"
EndProject
Project("{FAE04EC0-301F-11D3-BF4B-00C04F79EFBC}") = "DatabaseCRUDSamples", "DatabaseCRUDSamples\DatabaseCRUDSamples.csproj", "{DD914A88-D35A-4A2D-9137-6A14A99D7458}"
EndProject
Project("{FAE04EC0-301F-11D3-BF4B-00C04F79EFBC}") = "ExceptionHandlingSample", "ExceptionHandlingSample\ExceptionHandlingSample.csproj", "{2CFD11DC-74DA-4DB0-98E9-57678B7BF633}"
EndProject
Project("{FAE04EC0-301F-11D3-BF4B-00C04F79EFBC}") = "ExceptionHandlingSample2", "ExceptionHandlingSample2\ExceptionHandlingSample2.csproj", "{FE2F0AB8-2017-44EB-AF4E-5F7863496BA3}"
EndProject
Project("{FAE04EC0-301F-11D3-BF4B-00C04F79EFBC}") = "CreateFile", "CreateFile\CreateFile.csproj", "{4255C58D-A51A-4877-B214-112A4DC5E8E0}"
EndProject
Global
	GlobalSection(SolutionConfigurationPlatforms) = preSolution
		Debug|Any CPU = Debug|Any CPU
		Release|Any CPU = Release|Any CPU
	EndGlobalSection
	GlobalSection(ProjectConfigurationPlatforms) = postSolution
		{01D2E922-BA27-4673-B088-2DC0B25BD1DE}.Debug|Any CPU.ActiveCfg = Debug|Any CPU
		{01D2E922-BA27-4673-B088-2DC0B25BD1DE}.Debug|Any CPU.Build.0 = Debug|Any CPU
		{01D2E922-BA27-4673-B088-2DC0B25BD1DE}.Release|Any CPU.ActiveCfg = Release|Any CPU
		{01D2E922-BA27-4673-B088-2DC0B25BD1DE}.Release|Any CPU.Build.0 = Release|Any CPU
		{AA41CF23-B25C-49A1-80A1-F396A7FBA686}.Debug|Any CPU.ActiveCfg = Debug|Any CPU
		{AA41CF23-B25C-49A1-80A1-F396A7FBA686}.Debug|Any CPU.Build.0 = Debug|Any CPU
		{AA41CF23-B25C-49A1-80A1-F396A7FBA686}.Release|Any CPU.ActiveCfg = Release|Any CPU
		{AA41CF23-B25C-49A1-80A1-F396A7FBA686}.Release|Any CPU.Build.0 = Release|Any CPU
		{300C3EA6-0E53-4C29-A3B0-C0B38A18B387}.Debug|Any CPU.ActiveCfg = Debug|Any CPU
		{300C3EA6-0E53-4C29-A3B0-C0B38A18B387}.Debug|Any CPU.Build.0 = Debug|Any CPU
		{300C3EA6-0E53-4C29-A3B0-C0B38A18B387}.Release|Any CPU.ActiveCfg = Release|Any CPU
		{300C3EA6-0E53-4C29-A3B0-C0B38A18B387}.Release|Any CPU.Build.0 = Release|Any CPU
		{47DF4DC9-88E4-4194-8008-946E0820362B}.Debug|Any CPU.ActiveCfg = Debug|Any CPU
		{47DF4DC9-88E4-4194-8008-946E0820362B}.Debug|Any CPU.Build.0 = Debug|Any CPU
		{47DF4DC9-88E4-4194-8008-946E0820362B}.Release|Any CPU.ActiveCfg = Release|Any CPU
		{47DF4DC9-88E4-4194-8008-946E0820362B}.Release|Any CPU.Build.0 = Release|Any CPU
		{EE2A4473-8D71-4A8A-AA70-E5F96005F364}.Debug|Any CPU.ActiveCfg = Debug|Any CPU
		{EE2A4473-8D71-4A8A-AA70-E5F96005F364}.Debug|Any CPU.Build.0 = Debug|Any CPU
		{EE2A4473-8D71-4A8A-AA70-E5F96005F364}.Release|Any CPU.ActiveCfg = Release|Any CPU
		{EE2A4473-8D71-4A8A-AA70-E5F96005F364}.Release|Any CPU.Build.0 = Release|Any CPU
		{753061AC-AC99-49B2-92BC-B21856A5ED9B}.Debug|Any CPU.ActiveCfg = Debug|Any CPU
		{753061AC-AC99-49B2-92BC-B21856A5ED9B}.Debug|Any CPU.Build.0 = Debug|Any CPU
		{753061AC-AC99-49B2-92BC-B21856A5ED9B}.Release|Any CPU.ActiveCfg = Release|Any CPU
		{753061AC-AC99-49B2-92BC-B21856A5ED9B}.Release|Any CPU.Build.0 = Release|Any CPU
		{7ED6B9F5-12EC-4ABD-AEB0-F73F03FA67AB}.Debug|Any CPU.ActiveCfg = Debug|Any CPU
		{7ED6B9F5-12EC-4ABD-AEB0-F73F03FA67AB}.Debug|Any CPU.Build.0 = Debug|Any CPU
		{7ED6B9F5-12EC-4ABD-AEB0-F73F03FA67AB}.Release|Any CPU.ActiveCfg = Release|Any CPU
		{7ED6B9F5-12EC-4ABD-AEB0-F73F03FA67AB}.Release|Any CPU.Build.0 = Release|Any CPU
		{B7977E20-2900-4E0F-9AD8-44D6A11DF278}.Debug|Any CPU.ActiveCfg = Debug|Any CPU
		{B7977E20-2900-4E0F-9AD8-44D6A11DF278}.Debug|Any CPU.Build.0 = Debug|Any CPU
		{B7977E20-2900-4E0F-9AD8-44D6A11DF278}.Release|Any CPU.ActiveCfg = Release|Any CPU
		{B7977E20-2900-4E0F-9AD8-44D6A11DF278}.Release|Any CPU.Build.0 = Release|Any CPU
		{B05D0C61-6BF3-4970-BAFE-14CD96183A1B}.Debug|Any CPU.ActiveCfg = Debug|Any CPU
		{B05D0C61-6BF3-4970-BAFE-14CD96183A1B}.Debug|Any CPU.Build.0 = Debug|Any CPU
		{B05D0C61-6BF3-4970-BAFE-14CD96183A1B}.Release|Any CPU.ActiveCfg = Release|Any CPU
		{B05D0C61-6BF3-4970-BAFE-14CD96183A1B}.Release|Any CPU.Build.0 = Release|Any CPU
		{CC5DF54C-9321-4C96-B9B0-0073EDC7B795}.Debug|Any CPU.ActiveCfg = Debug|Any CPU
		{CC5DF54C-9321-4C96-B9B0-0073EDC7B795}.Debug|Any CPU.Build.0 = Debug|Any CPU
		{CC5DF54C-9321-4C96-B9B0-0073EDC7B795}.Release|Any CPU.ActiveCfg = Release|Any CPU
		{CC5DF54C-9321-4C96-B9B0-0073EDC7B795}.Release|Any CPU.Build.0 = Release|Any CPU
		{A5EDF37D-F860-4199-96EC-E9C8DBB93B22}.Debug|Any CPU.ActiveCfg = Debug|Any CPU
		{A5EDF37D-F860-4199-96EC-E9C8DBB93B22}.Debug|Any CPU.Build.0 = Debug|Any CPU
		{A5EDF37D-F860-4199-96EC-E9C8DBB93B22}.Release|Any CPU.ActiveCfg = Release|Any CPU
		{A5EDF37D-F860-4199-96EC-E9C8DBB93B22}.Release|Any CPU.Build.0 = Release|Any CPU
		{E6F28583-A84D-4151-8607-49C5DF13A092}.Debug|Any CPU.ActiveCfg = Debug|Any CPU
		{E6F28583-A84D-4151-8607-49C5DF13A092}.Debug|Any CPU.Build.0 = Debug|Any CPU
		{E6F28583-A84D-4151-8607-49C5DF13A092}.Release|Any CPU.ActiveCfg = Release|Any CPU
		{E6F28583-A84D-4151-8607-49C5DF13A092}.Release|Any CPU.Build.0 = Release|Any CPU
		{5830223E-9613-4F67-B0F1-3F8811FF7E6A}.Debug|Any CPU.ActiveCfg = Debug|Any CPU
		{5830223E-9613-4F67-B0F1-3F8811FF7E6A}.Debug|Any CPU.Build.0 = Debug|Any CPU
		{5830223E-9613-4F67-B0F1-3F8811FF7E6A}.Release|Any CPU.ActiveCfg = Release|Any CPU
		{5830223E-9613-4F67-B0F1-3F8811FF7E6A}.Release|Any CPU.Build.0 = Release|Any CPU
		{FB8C61E0-B220-4DB8-BA9E-8D98CD9298A4}.Debug|Any CPU.ActiveCfg = Debug|Any CPU
		{FB8C61E0-B220-4DB8-BA9E-8D98CD9298A4}.Debug|Any CPU.Build.0 = Debug|Any CPU
		{FB8C61E0-B220-4DB8-BA9E-8D98CD9298A4}.Release|Any CPU.ActiveCfg = Release|Any CPU
		{FB8C61E0-B220-4DB8-BA9E-8D98CD9298A4}.Release|Any CPU.Build.0 = Release|Any CPU
		{FF700954-2A4A-47F1-B62B-C464032CA764}.Debug|Any CPU.ActiveCfg = Debug|Any CPU
		{FF700954-2A4A-47F1-B62B-C464032CA764}.Debug|Any CPU.Build.0 = Debug|Any CPU
		{FF700954-2A4A-47F1-B62B-C464032CA764}.Release|Any CPU.ActiveCfg = Release|Any CPU
		{FF700954-2A4A-47F1-B62B-C464032CA764}.Release|Any CPU.Build.0 = Release|Any CPU
		{F7CF07AA-A4B8-4F83-A633-DD163CE04518}.Debug|Any CPU.ActiveCfg = Debug|Any CPU
		{F7CF07AA-A4B8-4F83-A633-DD163CE04518}.Debug|Any CPU.Build.0 = Debug|Any CPU
		{F7CF07AA-A4B8-4F83-A633-DD163CE04518}.Release|Any CPU.ActiveCfg = Release|Any CPU
		{F7CF07AA-A4B8-4F83-A633-DD163CE04518}.Release|Any CPU.Build.0 = Release|Any CPU
		{D5CE393B-07F8-4DE4-9A6D-99D7B499A964}.Debug|Any CPU.ActiveCfg = Debug|Any CPU
		{D5CE393B-07F8-4DE4-9A6D-99D7B499A964}.Debug|Any CPU.Build.0 = Debug|Any CPU
		{D5CE393B-07F8-4DE4-9A6D-99D7B499A964}.Release|Any CPU.ActiveCfg = Release|Any CPU
		{D5CE393B-07F8-4DE4-9A6D-99D7B499A964}.Release|Any CPU.Build.0 = Release|Any CPU
		{2487F329-7195-4FEB-B931-30A08DA09DD7}.Debug|Any CPU.ActiveCfg = Debug|Any CPU
		{2487F329-7195-4FEB-B931-30A08DA09DD7}.Debug|Any CPU.Build.0 = Debug|Any CPU
		{2487F329-7195-4FEB-B931-30A08DA09DD7}.Release|Any CPU.ActiveCfg = Release|Any CPU
		{2487F329-7195-4FEB-B931-30A08DA09DD7}.Release|Any CPU.Build.0 = Release|Any CPU
		{5D73C25B-FD35-486D-B608-3BB2CC12BA54}.Debug|Any CPU.ActiveCfg = Debug|Any CPU
		{5D73C25B-FD35-486D-B608-3BB2CC12BA54}.Debug|Any CPU.Build.0 = Debug|Any CPU
		{5D73C25B-FD35-486D-B608-3BB2CC12BA54}.Release|Any CPU.ActiveCfg = Release|Any CPU
		{5D73C25B-FD35-486D-B608-3BB2CC12BA54}.Release|Any CPU.Build.0 = Release|Any CPU
		{DD914A88-D35A-4A2D-9137-6A14A99D7458}.Debug|Any CPU.ActiveCfg = Debug|Any CPU
		{DD914A88-D35A-4A2D-9137-6A14A99D7458}.Debug|Any CPU.Build.0 = Debug|Any CPU
		{DD914A88-D35A-4A2D-9137-6A14A99D7458}.Release|Any CPU.ActiveCfg = Release|Any CPU
		{DD914A88-D35A-4A2D-9137-6A14A99D7458}.Release|Any CPU.Build.0 = Release|Any CPU
		{2CFD11DC-74DA-4DB0-98E9-57678B7BF633}.Debug|Any CPU.ActiveCfg = Debug|Any CPU
		{2CFD11DC-74DA-4DB0-98E9-57678B7BF633}.Debug|Any CPU.Build.0 = Debug|Any CPU
		{2CFD11DC-74DA-4DB0-98E9-57678B7BF633}.Release|Any CPU.ActiveCfg = Release|Any CPU
		{2CFD11DC-74DA-4DB0-98E9-57678B7BF633}.Release|Any CPU.Build.0 = Release|Any CPU
		{FE2F0AB8-2017-44EB-AF4E-5F7863496BA3}.Debug|Any CPU.ActiveCfg = Debug|Any CPU
		{FE2F0AB8-2017-44EB-AF4E-5F7863496BA3}.Debug|Any CPU.Build.0 = Debug|Any CPU
		{FE2F0AB8-2017-44EB-AF4E-5F7863496BA3}.Release|Any CPU.ActiveCfg = Release|Any CPU
		{FE2F0AB8-2017-44EB-AF4E-5F7863496BA3}.Release|Any CPU.Build.0 = Release|Any CPU
		{4255C58D-A51A-4877-B214-112A4DC5E8E0}.Debug|Any CPU.ActiveCfg = Debug|Any CPU
		{4255C58D-A51A-4877-B214-112A4DC5E8E0}.Debug|Any CPU.Build.0 = Debug|Any CPU
		{4255C58D-A51A-4877-B214-112A4DC5E8E0}.Release|Any CPU.ActiveCfg = Release|Any CPU
		{4255C58D-A51A-4877-B214-112A4DC5E8E0}.Release|Any CPU.Build.0 = Release|Any CPU
	EndGlobalSection
	GlobalSection(SolutionProperties) = preSolution
		HideSolutionNode = FALSE
	EndGlobalSection
	GlobalSection(ExtensibilityGlobals) = postSolution
		SolutionGuid = {2AA4AF33-012D-4F1E-B7DF-2ECB7B64942F}
	EndGlobalSection
EndGlobal
